<Solution>
  <Folder Name="/src/">
    <Project Path="src/GauntletCI.Cli/GauntletCI.Cli.csproj" />
    <Project Path="src/GauntletCI.Core/GauntletCI.Core.csproj" />
    <Project Path="src/GauntletCI.Corpus/GauntletCI.Corpus.csproj" />
    <Project Path="src/GauntletCI.Llm/GauntletCI.Llm.csproj" />
    <Project Path="src/GauntletCI.Tests/GauntletCI.Tests.csproj" />
    <Project Path="src/GauntletCI.BenchmarkReporter/GauntletCI.BenchmarkReporter.csproj" />
  </Folder>
  <Folder Name="/tests/">
    <Project Path="tests/GauntletCI.Core.Tests/GauntletCI.Core.Tests.csproj" />
    <Project Path="tests/GauntletCI.Benchmarks/GauntletCI.Benchmarks.csproj" />
  </Folder>
</Solution>
